
Microsoft Visual Studio Solution File, Format Version 12.00
# Visual Studio Version 16
VisualStudioVersion = 16.0.30114.105
MinimumVisualStudioVersion = 10.0.40219.1
Project("{2150E333-8FDC-42A3-9474-1A3956D46DE8}") = "src", "src", "{C9AD3116-0164-460F-A062-7CA58D3F32C6}"
EndProject
Project("{2150E333-8FDC-42A3-9474-1A3956D46DE8}") = "services", "services", "{5F6F4FAD-4ADF-46C4-A491-4F385EE7D3E0}"
EndProject
Project("{2150E333-8FDC-42A3-9474-1A3956D46DE8}") = "Identidade", "Identidade", "{1394C0EB-449D-49C2-8FD6-549685FCBFB9}"
EndProject
Project("{9A19103F-16F7-4668-BE54-9A1E7A4F7556}") = "Identidade.API", "src\services\Identidade\Identidade.API\Identidade.API.csproj", "{2EBBB527-31BD-4E33-BDD0-FF30DDD0BE35}"
EndProject
Project("{2150E333-8FDC-42A3-9474-1A3956D46DE8}") = "Building Blocks", "Building Blocks", "{F1C4A6EF-B764-4BB4-BEFE-359107273891}"
EndProject
Project("{2150E333-8FDC-42A3-9474-1A3956D46DE8}") = "Web", "Web", "{F594DB53-4942-4DD9-A510-D17143D153D0}"
EndProject
Project("{2150E333-8FDC-42A3-9474-1A3956D46DE8}") = "MVC", "MVC", "{F2F0A7EB-C0AD-4CAB-BC9F-A11A879FE16E}"
EndProject
Project("{FAE04EC0-301F-11D3-BF4B-00C04F79EFBC}") = "WebApp.MVC", "src\web\WebApp.MVC\WebApp.MVC.csproj", "{AA3D084F-D2F7-43DE-A7CA-BF1EBE420AA4}"
EndProject
Project("{2150E333-8FDC-42A3-9474-1A3956D46DE8}") = "Core", "Core", "{5986E400-9437-478A-84DF-C47E72ECFA26}"
EndProject
Project("{FAE04EC0-301F-11D3-BF4B-00C04F79EFBC}") = "Core", "src\building blocks\Core\Core.csproj", "{77E7C48E-A16A-46B3-ACBF-28DD2AC22C6F}"
EndProject
Project("{2150E333-8FDC-42A3-9474-1A3956D46DE8}") = "Carrinho", "Carrinho", "{D7CD87BF-EF34-4E79-A09A-66AAFF7BD49A}"
EndProject
Project("{FAE04EC0-301F-11D3-BF4B-00C04F79EFBC}") = "Carrinho.API", "src\services\Carrinho\Carrinho.API\Carrinho.API.csproj", "{C23541D5-66FA-468C-9201-754F18F5C210}"
EndProject
Project("{2150E333-8FDC-42A3-9474-1A3956D46DE8}") = "Catalogo", "Catalogo", "{C8841E28-755C-4C03-9A22-6269CC3E16E6}"
EndProject
Project("{FAE04EC0-301F-11D3-BF4B-00C04F79EFBC}") = "Catalogo.API", "src\services\Catalogo\Catalogo.API\Catalogo.API.csproj", "{E6447D3D-C011-4DE6-AAB4-88204C60CE83}"
EndProject
Project("{2150E333-8FDC-42A3-9474-1A3956D46DE8}") = "Cliente", "Cliente", "{75352424-E237-4EBC-8523-59573DE47FE3}"
EndProject
Project("{FAE04EC0-301F-11D3-BF4B-00C04F79EFBC}") = "Clientes.API", "src\services\Cliente\Clientes.API\Clientes.API.csproj", "{1075A55F-6C50-4264-A86E-84B67860474D}"
EndProject
Project("{2150E333-8FDC-42A3-9474-1A3956D46DE8}") = "Pagamento", "Pagamento", "{083EC39B-0BF0-40CD-9349-58408B535747}"
EndProject
Project("{FAE04EC0-301F-11D3-BF4B-00C04F79EFBC}") = "Pagamento.API", "src\services\Pagamento\Pagamento.API\Pagamento.API.csproj", "{AE00A9AE-B105-460A-8ED3-0AF04C67D0E1}"
EndProject
Project("{2150E333-8FDC-42A3-9474-1A3956D46DE8}") = "Pedido", "Pedido", "{B07D4987-1291-47BD-9E12-3FB8509505BD}"
EndProject
Project("{FAE04EC0-301F-11D3-BF4B-00C04F79EFBC}") = "Pedido.API", "src\services\Pedido\Pedido.API\Pedido.API.csproj", "{E0104D6F-3896-4302-8100-F9F1035691F5}"
EndProject
Project("{FAE04EC0-301F-11D3-BF4B-00C04F79EFBC}") = "Api.Core", "src\Building blocks\Api.Core\Api.Core.csproj", "{84AD67BA-3FBB-4F04-9004-3C36EE932351}"
EndProject
Project("{FAE04EC0-301F-11D3-BF4B-00C04F79EFBC}") = "MessageBus", "src\Building blocks\MessageBus\MessageBus.csproj", "{899E995C-6834-446F-BF8F-B9727C396344}"
EndProject
Project("{2150E333-8FDC-42A3-9474-1A3956D46DE8}") = "ApiGatways", "ApiGatways", "{9419DB5A-AC2F-487B-8AB9-302B98D69CCA}"
EndProject
Project("{2150E333-8FDC-42A3-9474-1A3956D46DE8}") = "Compras", "Compras", "{0537D416-2174-44C8-8488-E195054E3586}"
EndProject
Project("{FAE04EC0-301F-11D3-BF4B-00C04F79EFBC}") = "BFF.Compras", "src\ApiGatways\BFF.Compras\BFF.Compras.csproj", "{EA771F42-E380-4C50-8159-73472DDEE624}"
EndProject
Global
	GlobalSection(SolutionConfigurationPlatforms) = preSolution
		Debug|Any CPU = Debug|Any CPU
		Release|Any CPU = Release|Any CPU
	EndGlobalSection
	GlobalSection(ProjectConfigurationPlatforms) = postSolution
		{2EBBB527-31BD-4E33-BDD0-FF30DDD0BE35}.Debug|Any CPU.ActiveCfg = Debug|Any CPU
		{2EBBB527-31BD-4E33-BDD0-FF30DDD0BE35}.Debug|Any CPU.Build.0 = Debug|Any CPU
		{2EBBB527-31BD-4E33-BDD0-FF30DDD0BE35}.Release|Any CPU.ActiveCfg = Release|Any CPU
		{2EBBB527-31BD-4E33-BDD0-FF30DDD0BE35}.Release|Any CPU.Build.0 = Release|Any CPU
		{AA3D084F-D2F7-43DE-A7CA-BF1EBE420AA4}.Debug|Any CPU.ActiveCfg = Debug|Any CPU
		{AA3D084F-D2F7-43DE-A7CA-BF1EBE420AA4}.Debug|Any CPU.Build.0 = Debug|Any CPU
		{AA3D084F-D2F7-43DE-A7CA-BF1EBE420AA4}.Release|Any CPU.ActiveCfg = Release|Any CPU
		{AA3D084F-D2F7-43DE-A7CA-BF1EBE420AA4}.Release|Any CPU.Build.0 = Release|Any CPU
		{77E7C48E-A16A-46B3-ACBF-28DD2AC22C6F}.Debug|Any CPU.ActiveCfg = Debug|Any CPU
		{77E7C48E-A16A-46B3-ACBF-28DD2AC22C6F}.Debug|Any CPU.Build.0 = Debug|Any CPU
		{77E7C48E-A16A-46B3-ACBF-28DD2AC22C6F}.Release|Any CPU.ActiveCfg = Release|Any CPU
		{77E7C48E-A16A-46B3-ACBF-28DD2AC22C6F}.Release|Any CPU.Build.0 = Release|Any CPU
		{C23541D5-66FA-468C-9201-754F18F5C210}.Debug|Any CPU.ActiveCfg = Debug|Any CPU
		{C23541D5-66FA-468C-9201-754F18F5C210}.Debug|Any CPU.Build.0 = Debug|Any CPU
		{C23541D5-66FA-468C-9201-754F18F5C210}.Release|Any CPU.ActiveCfg = Release|Any CPU
		{C23541D5-66FA-468C-9201-754F18F5C210}.Release|Any CPU.Build.0 = Release|Any CPU
		{E6447D3D-C011-4DE6-AAB4-88204C60CE83}.Debug|Any CPU.ActiveCfg = Debug|Any CPU
		{E6447D3D-C011-4DE6-AAB4-88204C60CE83}.Debug|Any CPU.Build.0 = Debug|Any CPU
		{E6447D3D-C011-4DE6-AAB4-88204C60CE83}.Release|Any CPU.ActiveCfg = Release|Any CPU
		{E6447D3D-C011-4DE6-AAB4-88204C60CE83}.Release|Any CPU.Build.0 = Release|Any CPU
		{1075A55F-6C50-4264-A86E-84B67860474D}.Debug|Any CPU.ActiveCfg = Debug|Any CPU
		{1075A55F-6C50-4264-A86E-84B67860474D}.Debug|Any CPU.Build.0 = Debug|Any CPU
		{1075A55F-6C50-4264-A86E-84B67860474D}.Release|Any CPU.ActiveCfg = Release|Any CPU
		{1075A55F-6C50-4264-A86E-84B67860474D}.Release|Any CPU.Build.0 = Release|Any CPU
		{AE00A9AE-B105-460A-8ED3-0AF04C67D0E1}.Debug|Any CPU.ActiveCfg = Debug|Any CPU
		{AE00A9AE-B105-460A-8ED3-0AF04C67D0E1}.Debug|Any CPU.Build.0 = Debug|Any CPU
		{AE00A9AE-B105-460A-8ED3-0AF04C67D0E1}.Release|Any CPU.ActiveCfg = Release|Any CPU
		{AE00A9AE-B105-460A-8ED3-0AF04C67D0E1}.Release|Any CPU.Build.0 = Release|Any CPU
		{E0104D6F-3896-4302-8100-F9F1035691F5}.Debug|Any CPU.ActiveCfg = Debug|Any CPU
		{E0104D6F-3896-4302-8100-F9F1035691F5}.Debug|Any CPU.Build.0 = Debug|Any CPU
		{E0104D6F-3896-4302-8100-F9F1035691F5}.Release|Any CPU.ActiveCfg = Release|Any CPU
		{E0104D6F-3896-4302-8100-F9F1035691F5}.Release|Any CPU.Build.0 = Release|Any CPU
		{84AD67BA-3FBB-4F04-9004-3C36EE932351}.Debug|Any CPU.ActiveCfg = Debug|Any CPU
		{84AD67BA-3FBB-4F04-9004-3C36EE932351}.Debug|Any CPU.Build.0 = Debug|Any CPU
		{84AD67BA-3FBB-4F04-9004-3C36EE932351}.Release|Any CPU.ActiveCfg = Release|Any CPU
		{84AD67BA-3FBB-4F04-9004-3C36EE932351}.Release|Any CPU.Build.0 = Release|Any CPU
		{899E995C-6834-446F-BF8F-B9727C396344}.Debug|Any CPU.ActiveCfg = Debug|Any CPU
		{899E995C-6834-446F-BF8F-B9727C396344}.Debug|Any CPU.Build.0 = Debug|Any CPU
		{899E995C-6834-446F-BF8F-B9727C396344}.Release|Any CPU.ActiveCfg = Release|Any CPU
		{899E995C-6834-446F-BF8F-B9727C396344}.Release|Any CPU.Build.0 = Release|Any CPU
		{67944BBE-0A0D-471D-BD96-741DF535F546}.Debug|Any CPU.ActiveCfg = Debug|Any CPU
		{67944BBE-0A0D-471D-BD96-741DF535F546}.Debug|Any CPU.Build.0 = Debug|Any CPU
		{67944BBE-0A0D-471D-BD96-741DF535F546}.Release|Any CPU.ActiveCfg = Release|Any CPU
		{67944BBE-0A0D-471D-BD96-741DF535F546}.Release|Any CPU.Build.0 = Release|Any CPU
		{EA771F42-E380-4C50-8159-73472DDEE624}.Debug|Any CPU.ActiveCfg = Debug|Any CPU
		{EA771F42-E380-4C50-8159-73472DDEE624}.Debug|Any CPU.Build.0 = Debug|Any CPU
		{EA771F42-E380-4C50-8159-73472DDEE624}.Release|Any CPU.ActiveCfg = Release|Any CPU
		{EA771F42-E380-4C50-8159-73472DDEE624}.Release|Any CPU.Build.0 = Release|Any CPU
	EndGlobalSection
	GlobalSection(SolutionProperties) = preSolution
		HideSolutionNode = FALSE
	EndGlobalSection
	GlobalSection(NestedProjects) = preSolution
		{5F6F4FAD-4ADF-46C4-A491-4F385EE7D3E0} = {C9AD3116-0164-460F-A062-7CA58D3F32C6}
		{1394C0EB-449D-49C2-8FD6-549685FCBFB9} = {5F6F4FAD-4ADF-46C4-A491-4F385EE7D3E0}
		{2EBBB527-31BD-4E33-BDD0-FF30DDD0BE35} = {1394C0EB-449D-49C2-8FD6-549685FCBFB9}
		{F1C4A6EF-B764-4BB4-BEFE-359107273891} = {C9AD3116-0164-460F-A062-7CA58D3F32C6}
		{F594DB53-4942-4DD9-A510-D17143D153D0} = {C9AD3116-0164-460F-A062-7CA58D3F32C6}
		{F2F0A7EB-C0AD-4CAB-BC9F-A11A879FE16E} = {F594DB53-4942-4DD9-A510-D17143D153D0}
		{AA3D084F-D2F7-43DE-A7CA-BF1EBE420AA4} = {F2F0A7EB-C0AD-4CAB-BC9F-A11A879FE16E}
		{5986E400-9437-478A-84DF-C47E72ECFA26} = {F1C4A6EF-B764-4BB4-BEFE-359107273891}
		{77E7C48E-A16A-46B3-ACBF-28DD2AC22C6F} = {5986E400-9437-478A-84DF-C47E72ECFA26}
		{D7CD87BF-EF34-4E79-A09A-66AAFF7BD49A} = {5F6F4FAD-4ADF-46C4-A491-4F385EE7D3E0}
		{C23541D5-66FA-468C-9201-754F18F5C210} = {D7CD87BF-EF34-4E79-A09A-66AAFF7BD49A}
		{C8841E28-755C-4C03-9A22-6269CC3E16E6} = {5F6F4FAD-4ADF-46C4-A491-4F385EE7D3E0}
		{E6447D3D-C011-4DE6-AAB4-88204C60CE83} = {C8841E28-755C-4C03-9A22-6269CC3E16E6}
		{75352424-E237-4EBC-8523-59573DE47FE3} = {5F6F4FAD-4ADF-46C4-A491-4F385EE7D3E0}
		{1075A55F-6C50-4264-A86E-84B67860474D} = {75352424-E237-4EBC-8523-59573DE47FE3}
		{083EC39B-0BF0-40CD-9349-58408B535747} = {5F6F4FAD-4ADF-46C4-A491-4F385EE7D3E0}
		{AE00A9AE-B105-460A-8ED3-0AF04C67D0E1} = {083EC39B-0BF0-40CD-9349-58408B535747}
		{B07D4987-1291-47BD-9E12-3FB8509505BD} = {5F6F4FAD-4ADF-46C4-A491-4F385EE7D3E0}
		{E0104D6F-3896-4302-8100-F9F1035691F5} = {B07D4987-1291-47BD-9E12-3FB8509505BD}
		{84AD67BA-3FBB-4F04-9004-3C36EE932351} = {F1C4A6EF-B764-4BB4-BEFE-359107273891}
		{899E995C-6834-446F-BF8F-B9727C396344} = {F1C4A6EF-B764-4BB4-BEFE-359107273891}
		{9419DB5A-AC2F-487B-8AB9-302B98D69CCA} = {C9AD3116-0164-460F-A062-7CA58D3F32C6}
		{0537D416-2174-44C8-8488-E195054E3586} = {9419DB5A-AC2F-487B-8AB9-302B98D69CCA}
		{67944BBE-0A0D-471D-BD96-741DF535F546} = {0537D416-2174-44C8-8488-E195054E3586}
		{EA771F42-E380-4C50-8159-73472DDEE624} = {0537D416-2174-44C8-8488-E195054E3586}
	EndGlobalSection
	GlobalSection(ExtensibilityGlobals) = postSolution
		SolutionGuid = {704C8F86-F20E-42B0-AFC2-BDDAEE22D9E7}
	EndGlobalSection
EndGlobal
